
Microsoft Visual Studio Solution File, Format Version 12.00
# Visual Studio Version 17
VisualStudioVersion = 17.13.35507.96
MinimumVisualStudioVersion = 10.0.40219.1
Project("{FAE04EC0-301F-11D3-BF4B-00C04F79EFBC}") = "Entities", "Entities\Entities.csproj", "{4685F36E-C3A4-4F2C-8DB9-F1C228143B1B}"
EndProject
Project("{FAE04EC0-301F-11D3-BF4B-00C04F79EFBC}") = "UseCases", "UseCases\UseCases.csproj", "{6DDCE88A-6ED7-4018-A002-6B5CA829787E}"
EndProject
Project("{FAE04EC0-301F-11D3-BF4B-00C04F79EFBC}") = "Infratructure", "Infratructure\Infratructure.csproj", "{84FE8505-A4FB-4EBE-B807-6507E32B340B}"
EndProject
Project("{FAE04EC0-301F-11D3-BF4B-00C04F79EFBC}") = "TodoList", "TodoList\TodoList.csproj", "{AF3063D7-BEED-4B03-B838-EE646DFFCFB5}"
EndProject
Project("{FAE04EC0-301F-11D3-BF4B-00C04F79EFBC}") = "TestProject", "TestProject\TestProject.csproj", "{C3F2B61C-899F-4BA2-8B57-BB3ED0DA4E20}"
EndProject
Global
	GlobalSection(SolutionConfigurationPlatforms) = preSolution
		Debug|Any CPU = Debug|Any CPU
		Release|Any CPU = Release|Any CPU
	EndGlobalSection
	GlobalSection(ProjectConfigurationPlatforms) = postSolution
		{4685F36E-C3A4-4F2C-8DB9-F1C228143B1B}.Debug|Any CPU.ActiveCfg = Debug|Any CPU
		{4685F36E-C3A4-4F2C-8DB9-F1C228143B1B}.Debug|Any CPU.Build.0 = Debug|Any CPU
		{4685F36E-C3A4-4F2C-8DB9-F1C228143B1B}.Release|Any CPU.ActiveCfg = Release|Any CPU
		{4685F36E-C3A4-4F2C-8DB9-F1C228143B1B}.Release|Any CPU.Build.0 = Release|Any CPU
		{6DDCE88A-6ED7-4018-A002-6B5CA829787E}.Debug|Any CPU.ActiveCfg = Debug|Any CPU
		{6DDCE88A-6ED7-4018-A002-6B5CA829787E}.Debug|Any CPU.Build.0 = Debug|Any CPU
		{6DDCE88A-6ED7-4018-A002-6B5CA829787E}.Release|Any CPU.ActiveCfg = Release|Any CPU
		{6DDCE88A-6ED7-4018-A002-6B5CA829787E}.Release|Any CPU.Build.0 = Release|Any CPU
		{84FE8505-A4FB-4EBE-B807-6507E32B340B}.Debug|Any CPU.ActiveCfg = Debug|Any CPU
		{84FE8505-A4FB-4EBE-B807-6507E32B340B}.Debug|Any CPU.Build.0 = Debug|Any CPU
		{84FE8505-A4FB-4EBE-B807-6507E32B340B}.Release|Any CPU.ActiveCfg = Release|Any CPU
		{84FE8505-A4FB-4EBE-B807-6507E32B340B}.Release|Any CPU.Build.0 = Release|Any CPU
		{AF3063D7-BEED-4B03-B838-EE646DFFCFB5}.Debug|Any CPU.ActiveCfg = Debug|Any CPU
		{AF3063D7-BEED-4B03-B838-EE646DFFCFB5}.Debug|Any CPU.Build.0 = Debug|Any CPU
		{AF3063D7-BEED-4B03-B838-EE646DFFCFB5}.Release|Any CPU.ActiveCfg = Release|Any CPU
		{AF3063D7-BEED-4B03-B838-EE646DFFCFB5}.Release|Any CPU.Build.0 = Release|Any CPU
		{C3F2B61C-899F-4BA2-8B57-BB3ED0DA4E20}.Debug|Any CPU.ActiveCfg = Debug|Any CPU
		{C3F2B61C-899F-4BA2-8B57-BB3ED0DA4E20}.Debug|Any CPU.Build.0 = Debug|Any CPU
		{C3F2B61C-899F-4BA2-8B57-BB3ED0DA4E20}.Release|Any CPU.ActiveCfg = Release|Any CPU
		{C3F2B61C-899F-4BA2-8B57-BB3ED0DA4E20}.Release|Any CPU.Build.0 = Release|Any CPU
	EndGlobalSection
	GlobalSection(SolutionProperties) = preSolution
		HideSolutionNode = FALSE
	EndGlobalSection
	GlobalSection(ExtensibilityGlobals) = postSolution
		SolutionGuid = {17D0CFA9-8A28-4C11-A593-8661B1DD0040}
	EndGlobalSection
EndGlobal
